
Microsoft Visual Studio Solution File, Format Version 12.00
Project("{FAE04EC0-301F-11D3-BF4B-00C04F79EFBC}") = "StregSystem2", "StregSystem2\StregSystem2.csproj", "{92F51383-3322-4245-8B8C-27B642BC0E8E}"
EndProject
Project("{FAE04EC0-301F-11D3-BF4B-00C04F79EFBC}") = "StregSystem.UnitTests", "StregSystem.UnitTests\StregSystem.UnitTests.csproj", "{9F66CB17-C418-4A89-BE2F-6A8EA90A48AD}"
EndProject
Global
	GlobalSection(SolutionConfigurationPlatforms) = preSolution
		Debug|Any CPU = Debug|Any CPU
		Release|Any CPU = Release|Any CPU
	EndGlobalSection
	GlobalSection(ProjectConfigurationPlatforms) = postSolution
		{92F51383-3322-4245-8B8C-27B642BC0E8E}.Debug|Any CPU.ActiveCfg = Debug|Any CPU
		{92F51383-3322-4245-8B8C-27B642BC0E8E}.Debug|Any CPU.Build.0 = Debug|Any CPU
		{92F51383-3322-4245-8B8C-27B642BC0E8E}.Release|Any CPU.ActiveCfg = Release|Any CPU
		{92F51383-3322-4245-8B8C-27B642BC0E8E}.Release|Any CPU.Build.0 = Release|Any CPU
		{9F66CB17-C418-4A89-BE2F-6A8EA90A48AD}.Debug|Any CPU.ActiveCfg = Debug|Any CPU
		{9F66CB17-C418-4A89-BE2F-6A8EA90A48AD}.Debug|Any CPU.Build.0 = Debug|Any CPU
		{9F66CB17-C418-4A89-BE2F-6A8EA90A48AD}.Release|Any CPU.ActiveCfg = Release|Any CPU
		{9F66CB17-C418-4A89-BE2F-6A8EA90A48AD}.Release|Any CPU.Build.0 = Release|Any CPU
	EndGlobalSection
EndGlobal
